
Microsoft Visual Studio Solution File, Format Version 12.00
Project("{FAE04EC0-301F-11D3-BF4B-00C04F79EFBC}") = "CSharp", "CSharp.csproj", "{F41ED794-3A8E-478B-868D-185C3EFC309B}"
EndProject
Global
	GlobalSection(SolutionConfigurationPlatforms) = preSolution
		Debug|Any CPU = Debug|Any CPU
		Release|Any CPU = Release|Any CPU
	EndGlobalSection
	GlobalSection(ProjectConfigurationPlatforms) = postSolution
		{F41ED794-3A8E-478B-868D-185C3EFC309B}.Debug|Any CPU.ActiveCfg = Debug|Any CPU
		{F41ED794-3A8E-478B-868D-185C3EFC309B}.Debug|Any CPU.Build.0 = Debug|Any CPU
		{F41ED794-3A8E-478B-868D-185C3EFC309B}.Release|Any CPU.ActiveCfg = Release|Any CPU
		{F41ED794-3A8E-478B-868D-185C3EFC309B}.Release|Any CPU.Build.0 = Release|Any CPU
	EndGlobalSection
EndGlobal
